
Microsoft Visual Studio Solution File, Format Version 12.00
# Visual Studio Version 17
VisualStudioVersion = 17.3.32519.111
MinimumVisualStudioVersion = 10.0.40219.1
Project("{2150E333-8FDC-42A3-9474-1A3956D46DE8}") = "Domain", "Domain", "{1E5E608D-9770-4D63-9FC6-167D93980FA4}"
EndProject
Project("{2150E333-8FDC-42A3-9474-1A3956D46DE8}") = "Infra.Bus", "Infra.Bus", "{EF4F65F7-C99D-4970-9BC0-6F0B07973292}"
EndProject
Project("{2150E333-8FDC-42A3-9474-1A3956D46DE8}") = "Infra.IoC", "Infra.IoC", "{223B847A-E803-48E5-8468-5046EBA132FD}"
EndProject
Project("{2150E333-8FDC-42A3-9474-1A3956D46DE8}") = "Microservices", "Microservices", "{F0AAEB07-935F-4374-81C8-6DEEDEA78B88}"
EndProject
Project("{2150E333-8FDC-42A3-9474-1A3956D46DE8}") = "Presentation", "Presentation", "{DF099A83-F788-4967-8379-47F30C78A27E}"
EndProject
Project("{9A19103F-16F7-4668-BE54-9A1E7A4F7556}") = "MicroRabbit.Domain.Core", "MicroRabbit.Domain.Core\MicroRabbit.Domain.Core.csproj", "{B982C95F-B368-4A29-91E4-296ABB6E4884}"
EndProject
Project("{9A19103F-16F7-4668-BE54-9A1E7A4F7556}") = "MicroRabbit.Infra.Bus", "MicroRabbit.Infra.Bus\MicroRabbit.Infra.Bus.csproj", "{84BD1064-781C-433C-A08A-50F01A5CB6C7}"
EndProject
Project("{FAE04EC0-301F-11D3-BF4B-00C04F79EFBC}") = "MicroRabbit.Infra.IoC", "MicroRabbit.Infra.IoC\MicroRabbit.Infra.IoC.csproj", "{3129A90A-5932-43F9-A1A2-23592601703F}"
EndProject
Project("{2150E333-8FDC-42A3-9474-1A3956D46DE8}") = "Banking", "Banking", "{40FCE5C7-2B33-44A9-9A53-C600D636B0E6}"
EndProject
Project("{2150E333-8FDC-42A3-9474-1A3956D46DE8}") = "Api", "Api", "{B371C24B-4F46-4E0C-BF3C-4D35C4F5442F}"
EndProject
Project("{2150E333-8FDC-42A3-9474-1A3956D46DE8}") = "Domain", "Domain", "{EC16DDB4-1E8E-4329-B663-1F0298C3CD82}"
EndProject
Project("{2150E333-8FDC-42A3-9474-1A3956D46DE8}") = "Application", "Application", "{EDDF679E-9F24-4F57-9D12-2B3E72932CBD}"
EndProject
Project("{2150E333-8FDC-42A3-9474-1A3956D46DE8}") = "Data", "Data", "{BFEA4456-CE86-4125-B414-961957B09E08}"
EndProject
Project("{FAE04EC0-301F-11D3-BF4B-00C04F79EFBC}") = "MicroRabbit.Banking.Api", "MicroRabbit.Banking.Api\MicroRabbit.Banking.Api.csproj", "{AC2E60EC-4F6B-40E4-BCE8-D2F889D7BB1F}"
EndProject
Project("{FAE04EC0-301F-11D3-BF4B-00C04F79EFBC}") = "MicroRabbit.Banking.Application", "MicroRabbit.Banking.Application\MicroRabbit.Banking.Application.csproj", "{6D897DB7-9788-4FFF-ACDE-B9ED103205D6}"
EndProject
Project("{FAE04EC0-301F-11D3-BF4B-00C04F79EFBC}") = "MicroRabbit.Banking.Data", "MicroRabbit.Banking.Data\MicroRabbit.Banking.Data.csproj", "{2B411BCA-BA92-4631-A858-CF7F940699E6}"
EndProject
Project("{FAE04EC0-301F-11D3-BF4B-00C04F79EFBC}") = "MicroRabbit.Banking.Domain", "MicroRabbit.Banking.Domain\MicroRabbit.Banking.Domain.csproj", "{A7EFF43D-6DC3-4836-93ED-2535D0A4ACC4}"
EndProject
Global
	GlobalSection(SolutionConfigurationPlatforms) = preSolution
		Debug|Any CPU = Debug|Any CPU
		Release|Any CPU = Release|Any CPU
	EndGlobalSection
	GlobalSection(ProjectConfigurationPlatforms) = postSolution
		{B982C95F-B368-4A29-91E4-296ABB6E4884}.Debug|Any CPU.ActiveCfg = Debug|Any CPU
		{B982C95F-B368-4A29-91E4-296ABB6E4884}.Debug|Any CPU.Build.0 = Debug|Any CPU
		{B982C95F-B368-4A29-91E4-296ABB6E4884}.Release|Any CPU.ActiveCfg = Release|Any CPU
		{B982C95F-B368-4A29-91E4-296ABB6E4884}.Release|Any CPU.Build.0 = Release|Any CPU
		{84BD1064-781C-433C-A08A-50F01A5CB6C7}.Debug|Any CPU.ActiveCfg = Debug|Any CPU
		{84BD1064-781C-433C-A08A-50F01A5CB6C7}.Debug|Any CPU.Build.0 = Debug|Any CPU
		{84BD1064-781C-433C-A08A-50F01A5CB6C7}.Release|Any CPU.ActiveCfg = Release|Any CPU
		{84BD1064-781C-433C-A08A-50F01A5CB6C7}.Release|Any CPU.Build.0 = Release|Any CPU
		{3129A90A-5932-43F9-A1A2-23592601703F}.Debug|Any CPU.ActiveCfg = Debug|Any CPU
		{3129A90A-5932-43F9-A1A2-23592601703F}.Debug|Any CPU.Build.0 = Debug|Any CPU
		{3129A90A-5932-43F9-A1A2-23592601703F}.Release|Any CPU.ActiveCfg = Release|Any CPU
		{3129A90A-5932-43F9-A1A2-23592601703F}.Release|Any CPU.Build.0 = Release|Any CPU
		{AC2E60EC-4F6B-40E4-BCE8-D2F889D7BB1F}.Debug|Any CPU.ActiveCfg = Debug|Any CPU
		{AC2E60EC-4F6B-40E4-BCE8-D2F889D7BB1F}.Debug|Any CPU.Build.0 = Debug|Any CPU
		{AC2E60EC-4F6B-40E4-BCE8-D2F889D7BB1F}.Release|Any CPU.ActiveCfg = Release|Any CPU
		{AC2E60EC-4F6B-40E4-BCE8-D2F889D7BB1F}.Release|Any CPU.Build.0 = Release|Any CPU
		{6D897DB7-9788-4FFF-ACDE-B9ED103205D6}.Debug|Any CPU.ActiveCfg = Debug|Any CPU
		{6D897DB7-9788-4FFF-ACDE-B9ED103205D6}.Debug|Any CPU.Build.0 = Debug|Any CPU
		{6D897DB7-9788-4FFF-ACDE-B9ED103205D6}.Release|Any CPU.ActiveCfg = Release|Any CPU
		{6D897DB7-9788-4FFF-ACDE-B9ED103205D6}.Release|Any CPU.Build.0 = Release|Any CPU
		{2B411BCA-BA92-4631-A858-CF7F940699E6}.Debug|Any CPU.ActiveCfg = Debug|Any CPU
		{2B411BCA-BA92-4631-A858-CF7F940699E6}.Debug|Any CPU.Build.0 = Debug|Any CPU
		{2B411BCA-BA92-4631-A858-CF7F940699E6}.Release|Any CPU.ActiveCfg = Release|Any CPU
		{2B411BCA-BA92-4631-A858-CF7F940699E6}.Release|Any CPU.Build.0 = Release|Any CPU
		{A7EFF43D-6DC3-4836-93ED-2535D0A4ACC4}.Debug|Any CPU.ActiveCfg = Debug|Any CPU
		{A7EFF43D-6DC3-4836-93ED-2535D0A4ACC4}.Debug|Any CPU.Build.0 = Debug|Any CPU
		{A7EFF43D-6DC3-4836-93ED-2535D0A4ACC4}.Release|Any CPU.ActiveCfg = Release|Any CPU
		{A7EFF43D-6DC3-4836-93ED-2535D0A4ACC4}.Release|Any CPU.Build.0 = Release|Any CPU
	EndGlobalSection
	GlobalSection(SolutionProperties) = preSolution
		HideSolutionNode = FALSE
	EndGlobalSection
	GlobalSection(NestedProjects) = preSolution
		{B982C95F-B368-4A29-91E4-296ABB6E4884} = {1E5E608D-9770-4D63-9FC6-167D93980FA4}
		{84BD1064-781C-433C-A08A-50F01A5CB6C7} = {EF4F65F7-C99D-4970-9BC0-6F0B07973292}
		{3129A90A-5932-43F9-A1A2-23592601703F} = {223B847A-E803-48E5-8468-5046EBA132FD}
		{40FCE5C7-2B33-44A9-9A53-C600D636B0E6} = {F0AAEB07-935F-4374-81C8-6DEEDEA78B88}
		{B371C24B-4F46-4E0C-BF3C-4D35C4F5442F} = {40FCE5C7-2B33-44A9-9A53-C600D636B0E6}
		{EC16DDB4-1E8E-4329-B663-1F0298C3CD82} = {40FCE5C7-2B33-44A9-9A53-C600D636B0E6}
		{EDDF679E-9F24-4F57-9D12-2B3E72932CBD} = {40FCE5C7-2B33-44A9-9A53-C600D636B0E6}
		{BFEA4456-CE86-4125-B414-961957B09E08} = {40FCE5C7-2B33-44A9-9A53-C600D636B0E6}
		{AC2E60EC-4F6B-40E4-BCE8-D2F889D7BB1F} = {B371C24B-4F46-4E0C-BF3C-4D35C4F5442F}
		{6D897DB7-9788-4FFF-ACDE-B9ED103205D6} = {EDDF679E-9F24-4F57-9D12-2B3E72932CBD}
		{2B411BCA-BA92-4631-A858-CF7F940699E6} = {BFEA4456-CE86-4125-B414-961957B09E08}
		{A7EFF43D-6DC3-4836-93ED-2535D0A4ACC4} = {EC16DDB4-1E8E-4329-B663-1F0298C3CD82}
	EndGlobalSection
	GlobalSection(ExtensibilityGlobals) = postSolution
		SolutionGuid = {55D05CE6-0528-4E45-BEA5-51E8B649FBBE}
	EndGlobalSection
EndGlobal
